
Microsoft Visual Studio Solution File, Format Version 12.00
# Visual Studio 15
VisualStudioVersion = 15.0.28307.572
MinimumVisualStudioVersion = 10.0.40219.1
Project("{FAE04EC0-301F-11D3-BF4B-00C04F79EFBC}") = "CoffeShopApi", "CoffeShopApi\CoffeShopApi.csproj", "{C95A4C93-BB05-4502-8D46-CF1EF14849F6}"
EndProject
Global
	GlobalSection(SolutionConfigurationPlatforms) = preSolution
		Debug|Any CPU = Debug|Any CPU
		Release|Any CPU = Release|Any CPU
	EndGlobalSection
	GlobalSection(ProjectConfigurationPlatforms) = postSolution
		{C95A4C93-BB05-4502-8D46-CF1EF14849F6}.Debug|Any CPU.ActiveCfg = Debug|Any CPU
		{C95A4C93-BB05-4502-8D46-CF1EF14849F6}.Debug|Any CPU.Build.0 = Debug|Any CPU
		{C95A4C93-BB05-4502-8D46-CF1EF14849F6}.Release|Any CPU.ActiveCfg = Release|Any CPU
		{C95A4C93-BB05-4502-8D46-CF1EF14849F6}.Release|Any CPU.Build.0 = Release|Any CPU
	EndGlobalSection
	GlobalSection(SolutionProperties) = preSolution
		HideSolutionNode = FALSE
	EndGlobalSection
	GlobalSection(ExtensibilityGlobals) = postSolution
		SolutionGuid = {8540FF85-B0A4-41B9-BA45-F157CB888447}
	EndGlobalSection
EndGlobal
